// !$*UTF8*$!
{
	archiveVersion = 1;
	classes = {
	};
	objectVersion = 48;
	objects = {

/* Begin PBXBuildFile section */
		B70ADDF8209F679800330A9C /* AVFoundation.framework in Frameworks */ = {isa = PBXBuildFile; fileRef = B70ADDF7209F679800330A9C /* AVFoundation.framework */; };
		B70ADDFA209F67A300330A9C /* SystemConfiguration.framework in Frameworks */ = {isa = PBXBuildFile; fileRef = B70ADDF9209F67A300330A9C /* SystemConfiguration.framework */; };
		B70ADDFC209F68D800330A9C /* SpotifyAuthentication.framework in Frameworks */ = {isa = PBXBuildFile; fileRef = B70ADDFB209F68D800330A9C /* SpotifyAuthentication.framework */; };
		B70ADDFE209F68E200330A9C /* SpotifyAudioPlayback.framework in Frameworks */ = {isa = PBXBuildFile; fileRef = B70ADDFD209F68E200330A9C /* SpotifyAudioPlayback.framework */; };
		B70ADE02209F69BD00330A9C /* BridgeViewController.m in Sources */ = {isa = PBXBuildFile; fileRef = B70ADE01209F69BD00330A9C /* BridgeViewController.m */; };
		B70ADE04209F846300330A9C /* SpotifyMetadata.framework in Frameworks */ = {isa = PBXBuildFile; fileRef = B70ADE03209F846300330A9C /* SpotifyMetadata.framework */; };
		B70ADE0620A20E0600330A9C /* SessionStore.swift in Sources */ = {isa = PBXBuildFile; fileRef = B70ADE0520A20E0600330A9C /* SessionStore.swift */; };
		B70ADE0920A4A16900330A9C /* MainViewController+Playback.swift in Sources */ = {isa = PBXBuildFile; fileRef = B70ADE0820A4A16900330A9C /* MainViewController+Playback.swift */; };
		B70ADE0B20A4A25B00330A9C /* MainViewController+TableView.swift in Sources */ = {isa = PBXBuildFile; fileRef = B70ADE0A20A4A25B00330A9C /* MainViewController+TableView.swift */; };
		B70ADE0D20A4A2B700330A9C /* MainViewController+SearchBar.swift in Sources */ = {isa = PBXBuildFile; fileRef = B70ADE0C20A4A2B700330A9C /* MainViewController+SearchBar.swift */; };
		B70ADE0F20A4A30200330A9C /* MainViewController+API.swift in Sources */ = {isa = PBXBuildFile; fileRef = B70ADE0E20A4A30200330A9C /* MainViewController+API.swift */; };
		B70ADE1420A4EB9C00330A9C /* ArcLayer.swift in Sources */ = {isa = PBXBuildFile; fileRef = B70ADE1320A4EB9C00330A9C /* ArcLayer.swift */; };
		B747DDED21344C2E001996D2 /* FirebaseManager+Current.swift in Sources */ = {isa = PBXBuildFile; fileRef = B747DDEC21344C2E001996D2 /* FirebaseManager+Current.swift */; };
		B747DDEF21344CA5001996D2 /* FirebaseManager+Queue.swift in Sources */ = {isa = PBXBuildFile; fileRef = B747DDEE21344CA5001996D2 /* FirebaseManager+Queue.swift */; };
		B769DB671FDC67E500DDD4BE /* LaunchViewController.swift in Sources */ = {isa = PBXBuildFile; fileRef = B769DB661FDC67E400DDD4BE /* LaunchViewController.swift */; };
		B769DB691FDC687300DDD4BE /* GoogleService-Info.plist in Resources */ = {isa = PBXBuildFile; fileRef = B769DB681FDC687300DDD4BE /* GoogleService-Info.plist */; };
		B769DB6B1FDC68F200DDD4BE /* FirebaseManager.swift in Sources */ = {isa = PBXBuildFile; fileRef = B769DB6A1FDC68F200DDD4BE /* FirebaseManager.swift */; };
		B769DB6D1FDC694700DDD4BE /* Utility.swift in Sources */ = {isa = PBXBuildFile; fileRef = B769DB6C1FDC694700DDD4BE /* Utility.swift */; };
		B769DB6F1FDC99B300DDD4BE /* Session.swift in Sources */ = {isa = PBXBuildFile; fileRef = B769DB6E1FDC99B300DDD4BE /* Session.swift */; };
		B76C9CD621EBC5EA0093711C /* Queue.swift in Sources */ = {isa = PBXBuildFile; fileRef = B76C9CD521EBC5EA0093711C /* Queue.swift */; };
		B76C9CD821EBC6DA0093711C /* Member.swift in Sources */ = {isa = PBXBuildFile; fileRef = B76C9CD721EBC6DA0093711C /* Member.swift */; };
		B76C9CDA21EBC7460093711C /* MemberSet.swift in Sources */ = {isa = PBXBuildFile; fileRef = B76C9CD921EBC7460093711C /* MemberSet.swift */; };
		B76C9CDD21EBCF800093711C /* UserStore.swift in Sources */ = {isa = PBXBuildFile; fileRef = B76C9CDC21EBCF800093711C /* UserStore.swift */; };
		B78A8DE52017E314006F936E /* QueueViewController.swift in Sources */ = {isa = PBXBuildFile; fileRef = B78A8DE42017E314006F936E /* QueueViewController.swift */; };
		B79BD4C92100F47D00BFF90C /* ShowQRViewController.swift in Sources */ = {isa = PBXBuildFile; fileRef = B79BD4C82100F47D00BFF90C /* ShowQRViewController.swift */; };
		B79BD4CB2100F6E500BFF90C /* ScanQRViewController.swift in Sources */ = {isa = PBXBuildFile; fileRef = B79BD4CA2100F6E500BFF90C /* ScanQRViewController.swift */; };
		B79FA7C31FDAF0E600A00497 /* MainViewController.swift in Sources */ = {isa = PBXBuildFile; fileRef = B79FA7C21FDAF0E600A00497 /* MainViewController.swift */; };
		B79FA7C51FDAF15900A00497 /* TrackTableViewCell.swift in Sources */ = {isa = PBXBuildFile; fileRef = B79FA7C41FDAF15900A00497 /* TrackTableViewCell.swift */; };
		B7A3F0C321E6B5E000AA3BA4 /* QueueTableViewCell.swift in Sources */ = {isa = PBXBuildFile; fileRef = B7A3F0C221E6B5E000AA3BA4 /* QueueTableViewCell.swift */; };
		B7A3F0C521E6BF7F00AA3BA4 /* QueuedTrack.swift in Sources */ = {isa = PBXBuildFile; fileRef = B7A3F0C421E6BF7F00AA3BA4 /* QueuedTrack.swift */; };
		B7A3F0C721E6C9C800AA3BA4 /* InfoViewController.swift in Sources */ = {isa = PBXBuildFile; fileRef = B7A3F0C621E6C9C800AA3BA4 /* InfoViewController.swift */; };
		B7B7E10621F52D8F004926CD /* AlbumArtCache.swift in Sources */ = {isa = PBXBuildFile; fileRef = B7B7E10521F52D8F004926CD /* AlbumArtCache.swift */; };
		B7B7E10821F52FA9004926CD /* MainViewController+Scroll.swift in Sources */ = {isa = PBXBuildFile; fileRef = B7B7E10721F52FA9004926CD /* MainViewController+Scroll.swift */; };
		B7B7E10A21F558DE004926CD /* MainViewController+UI.swift in Sources */ = {isa = PBXBuildFile; fileRef = B7B7E10921F558DE004926CD /* MainViewController+UI.swift */; };
		B7BB98F51FD9B0D2007BDB0B /* AppDelegate.swift in Sources */ = {isa = PBXBuildFile; fileRef = B7BB98F41FD9B0D2007BDB0B /* AppDelegate.swift */; };
		B7BB98F71FD9B0D2007BDB0B /* ViewController.swift in Sources */ = {isa = PBXBuildFile; fileRef = B7BB98F61FD9B0D2007BDB0B /* ViewController.swift */; };
		B7BB98FA1FD9B0D2007BDB0B /* Main.storyboard in Resources */ = {isa = PBXBuildFile; fileRef = B7BB98F81FD9B0D2007BDB0B /* Main.storyboard */; };
		B7BB98FD1FD9B0D2007BDB0B /* grouplay.xcdatamodeld in Sources */ = {isa = PBXBuildFile; fileRef = B7BB98FB1FD9B0D2007BDB0B /* grouplay.xcdatamodeld */; };
		B7BB98FF1FD9B0D2007BDB0B /* Assets.xcassets in Resources */ = {isa = PBXBuildFile; fileRef = B7BB98FE1FD9B0D2007BDB0B /* Assets.xcassets */; };
		B7BB99021FD9B0D2007BDB0B /* LaunchScreen.storyboard in Resources */ = {isa = PBXBuildFile; fileRef = B7BB99001FD9B0D2007BDB0B /* LaunchScreen.storyboard */; };
		B7BB990A1FD9B1C4007BDB0B /* SpotifyManager.swift in Sources */ = {isa = PBXBuildFile; fileRef = B7BB99091FD9B1C4007BDB0B /* SpotifyManager.swift */; };
		B7BB990C1FD9B205007BDB0B /* SpotifyTrack.swift in Sources */ = {isa = PBXBuildFile; fileRef = B7BB990B1FD9B205007BDB0B /* SpotifyTrack.swift */; };
		BA34BD5F70514BD163F00ABE /* Pods_grouplay.framework in Frameworks */ = {isa = PBXBuildFile; fileRef = 72FD43446726ACEEE080A461 /* Pods_grouplay.framework */; };
/* End PBXBuildFile section */

/* Begin PBXFileReference section */
		3613F560D06B6708C3EB2DE4 /* Pods-grouplay.release.xcconfig */ = {isa = PBXFileReference; includeInIndex = 1; lastKnownFileType = text.xcconfig; name = "Pods-grouplay.release.xcconfig"; path = "Pods/Target Support Files/Pods-grouplay/Pods-grouplay.release.xcconfig"; sourceTree = "<group>"; };
		72FD43446726ACEEE080A461 /* Pods_grouplay.framework */ = {isa = PBXFileReference; explicitFileType = wrapper.framework; includeInIndex = 0; path = Pods_grouplay.framework; sourceTree = BUILT_PRODUCTS_DIR; };
		9E5C64E49278591CC76F39DC /* Pods-grouplay.debug.xcconfig */ = {isa = PBXFileReference; includeInIndex = 1; lastKnownFileType = text.xcconfig; name = "Pods-grouplay.debug.xcconfig"; path = "Pods/Target Support Files/Pods-grouplay/Pods-grouplay.debug.xcconfig"; sourceTree = "<group>"; };
		B70ADDF7209F679800330A9C /* AVFoundation.framework */ = {isa = PBXFileReference; lastKnownFileType = wrapper.framework; name = AVFoundation.framework; path = System/Library/Frameworks/AVFoundation.framework; sourceTree = SDKROOT; };
		B70ADDF9209F67A300330A9C /* SystemConfiguration.framework */ = {isa = PBXFileReference; lastKnownFileType = wrapper.framework; name = SystemConfiguration.framework; path = System/Library/Frameworks/SystemConfiguration.framework; sourceTree = SDKROOT; };
		B70ADDFB209F68D800330A9C /* SpotifyAuthentication.framework */ = {isa = PBXFileReference; lastKnownFileType = wrapper.framework; path = SpotifyAuthentication.framework; sourceTree = "<group>"; };
		B70ADDFD209F68E200330A9C /* SpotifyAudioPlayback.framework */ = {isa = PBXFileReference; lastKnownFileType = wrapper.framework; path = SpotifyAudioPlayback.framework; sourceTree = "<group>"; };
		B70ADDFF209F69BD00330A9C /* grouplay-Bridging-Header.h */ = {isa = PBXFileReference; lastKnownFileType = sourcecode.c.h; path = "grouplay-Bridging-Header.h"; sourceTree = "<group>"; };
		B70ADE00209F69BD00330A9C /* BridgeViewController.h */ = {isa = PBXFileReference; lastKnownFileType = sourcecode.c.h; path = BridgeViewController.h; sourceTree = "<group>"; };
		B70ADE01209F69BD00330A9C /* BridgeViewController.m */ = {isa = PBXFileReference; lastKnownFileType = sourcecode.c.objc; path = BridgeViewController.m; sourceTree = "<group>"; };
		B70ADE03209F846300330A9C /* SpotifyMetadata.framework */ = {isa = PBXFileReference; lastKnownFileType = wrapper.framework; path = SpotifyMetadata.framework; sourceTree = "<group>"; };
		B70ADE0520A20E0600330A9C /* SessionStore.swift */ = {isa = PBXFileReference; lastKnownFileType = sourcecode.swift; path = SessionStore.swift; sourceTree = "<group>"; };
		B70ADE0820A4A16900330A9C /* MainViewController+Playback.swift */ = {isa = PBXFileReference; lastKnownFileType = sourcecode.swift; path = "MainViewController+Playback.swift"; sourceTree = "<group>"; };
		B70ADE0A20A4A25B00330A9C /* MainViewController+TableView.swift */ = {isa = PBXFileReference; lastKnownFileType = sourcecode.swift; path = "MainViewController+TableView.swift"; sourceTree = "<group>"; };
		B70ADE0C20A4A2B700330A9C /* MainViewController+SearchBar.swift */ = {isa = PBXFileReference; lastKnownFileType = sourcecode.swift; path = "MainViewController+SearchBar.swift"; sourceTree = "<group>"; };
		B70ADE0E20A4A30200330A9C /* MainViewController+API.swift */ = {isa = PBXFileReference; lastKnownFileType = sourcecode.swift; path = "MainViewController+API.swift"; sourceTree = "<group>"; };
		B70ADE1320A4EB9C00330A9C /* ArcLayer.swift */ = {isa = PBXFileReference; lastKnownFileType = sourcecode.swift; path = ArcLayer.swift; sourceTree = "<group>"; };
		B747DDEC21344C2E001996D2 /* FirebaseManager+Current.swift */ = {isa = PBXFileReference; lastKnownFileType = sourcecode.swift; path = "FirebaseManager+Current.swift"; sourceTree = "<group>"; };
		B747DDEE21344CA5001996D2 /* FirebaseManager+Queue.swift */ = {isa = PBXFileReference; lastKnownFileType = sourcecode.swift; path = "FirebaseManager+Queue.swift"; sourceTree = "<group>"; };
		B769DB661FDC67E400DDD4BE /* LaunchViewController.swift */ = {isa = PBXFileReference; lastKnownFileType = sourcecode.swift; path = LaunchViewController.swift; sourceTree = "<group>"; };
		B769DB681FDC687300DDD4BE /* GoogleService-Info.plist */ = {isa = PBXFileReference; fileEncoding = 4; lastKnownFileType = text.plist.xml; path = "GoogleService-Info.plist"; sourceTree = "<group>"; };
		B769DB6A1FDC68F200DDD4BE /* FirebaseManager.swift */ = {isa = PBXFileReference; lastKnownFileType = sourcecode.swift; path = FirebaseManager.swift; sourceTree = "<group>"; };
		B769DB6C1FDC694700DDD4BE /* Utility.swift */ = {isa = PBXFileReference; lastKnownFileType = sourcecode.swift; path = Utility.swift; sourceTree = "<group>"; };
		B769DB6E1FDC99B300DDD4BE /* Session.swift */ = {isa = PBXFileReference; lastKnownFileType = sourcecode.swift; path = Session.swift; sourceTree = "<group>"; };
		B76C9CD521EBC5EA0093711C /* Queue.swift */ = {isa = PBXFileReference; lastKnownFileType = sourcecode.swift; path = Queue.swift; sourceTree = "<group>"; };
		B76C9CD721EBC6DA0093711C /* Member.swift */ = {isa = PBXFileReference; lastKnownFileType = sourcecode.swift; path = Member.swift; sourceTree = "<group>"; };
		B76C9CD921EBC7460093711C /* MemberSet.swift */ = {isa = PBXFileReference; lastKnownFileType = sourcecode.swift; path = MemberSet.swift; sourceTree = "<group>"; };
		B76C9CDC21EBCF800093711C /* UserStore.swift */ = {isa = PBXFileReference; lastKnownFileType = sourcecode.swift; path = UserStore.swift; sourceTree = "<group>"; };
		B78A8DE42017E314006F936E /* QueueViewController.swift */ = {isa = PBXFileReference; lastKnownFileType = sourcecode.swift; path = QueueViewController.swift; sourceTree = "<group>"; };
		B79BD4C82100F47D00BFF90C /* ShowQRViewController.swift */ = {isa = PBXFileReference; lastKnownFileType = sourcecode.swift; path = ShowQRViewController.swift; sourceTree = "<group>"; };
		B79BD4CA2100F6E500BFF90C /* ScanQRViewController.swift */ = {isa = PBXFileReference; lastKnownFileType = sourcecode.swift; path = ScanQRViewController.swift; sourceTree = "<group>"; };
		B79FA7C21FDAF0E600A00497 /* MainViewController.swift */ = {isa = PBXFileReference; lastKnownFileType = sourcecode.swift; path = MainViewController.swift; sourceTree = "<group>"; };
		B79FA7C41FDAF15900A00497 /* TrackTableViewCell.swift */ = {isa = PBXFileReference; lastKnownFileType = sourcecode.swift; path = TrackTableViewCell.swift; sourceTree = "<group>"; };
		B7A3F0C221E6B5E000AA3BA4 /* QueueTableViewCell.swift */ = {isa = PBXFileReference; lastKnownFileType = sourcecode.swift; path = QueueTableViewCell.swift; sourceTree = "<group>"; };
		B7A3F0C421E6BF7F00AA3BA4 /* QueuedTrack.swift */ = {isa = PBXFileReference; lastKnownFileType = sourcecode.swift; path = QueuedTrack.swift; sourceTree = "<group>"; };
		B7A3F0C621E6C9C800AA3BA4 /* InfoViewController.swift */ = {isa = PBXFileReference; lastKnownFileType = sourcecode.swift; path = InfoViewController.swift; sourceTree = "<group>"; };
		B7B7E10521F52D8F004926CD /* AlbumArtCache.swift */ = {isa = PBXFileReference; lastKnownFileType = sourcecode.swift; path = AlbumArtCache.swift; sourceTree = "<group>"; };
		B7B7E10721F52FA9004926CD /* MainViewController+Scroll.swift */ = {isa = PBXFileReference; lastKnownFileType = sourcecode.swift; path = "MainViewController+Scroll.swift"; sourceTree = "<group>"; };
		B7B7E10921F558DE004926CD /* MainViewController+UI.swift */ = {isa = PBXFileReference; lastKnownFileType = sourcecode.swift; path = "MainViewController+UI.swift"; sourceTree = "<group>"; };
		B7BB98F11FD9B0D2007BDB0B /* grouplay.app */ = {isa = PBXFileReference; explicitFileType = wrapper.application; includeInIndex = 0; path = grouplay.app; sourceTree = BUILT_PRODUCTS_DIR; };
		B7BB98F41FD9B0D2007BDB0B /* AppDelegate.swift */ = {isa = PBXFileReference; lastKnownFileType = sourcecode.swift; path = AppDelegate.swift; sourceTree = "<group>"; };
		B7BB98F61FD9B0D2007BDB0B /* ViewController.swift */ = {isa = PBXFileReference; lastKnownFileType = sourcecode.swift; path = ViewController.swift; sourceTree = "<group>"; };
		B7BB98F91FD9B0D2007BDB0B /* Base */ = {isa = PBXFileReference; lastKnownFileType = file.storyboard; name = Base; path = Base.lproj/Main.storyboard; sourceTree = "<group>"; };
		B7BB98FC1FD9B0D2007BDB0B /* grouplay.xcdatamodel */ = {isa = PBXFileReference; lastKnownFileType = wrapper.xcdatamodel; path = grouplay.xcdatamodel; sourceTree = "<group>"; };
		B7BB98FE1FD9B0D2007BDB0B /* Assets.xcassets */ = {isa = PBXFileReference; lastKnownFileType = folder.assetcatalog; path = Assets.xcassets; sourceTree = "<group>"; };
		B7BB99011FD9B0D2007BDB0B /* Base */ = {isa = PBXFileReference; lastKnownFileType = file.storyboard; name = Base; path = Base.lproj/LaunchScreen.storyboard; sourceTree = "<group>"; };
		B7BB99031FD9B0D2007BDB0B /* Info.plist */ = {isa = PBXFileReference; lastKnownFileType = text.plist.xml; path = Info.plist; sourceTree = "<group>"; };
		B7BB99091FD9B1C4007BDB0B /* SpotifyManager.swift */ = {isa = PBXFileReference; lastKnownFileType = sourcecode.swift; path = SpotifyManager.swift; sourceTree = "<group>"; };
		B7BB990B1FD9B205007BDB0B /* SpotifyTrack.swift */ = {isa = PBXFileReference; lastKnownFileType = sourcecode.swift; path = SpotifyTrack.swift; sourceTree = "<group>"; };
/* End PBXFileReference section */

/* Begin PBXFrameworksBuildPhase section */
		B7BB98EE1FD9B0D2007BDB0B /* Frameworks */ = {
			isa = PBXFrameworksBuildPhase;
			buildActionMask = 2147483647;
			files = (
				B70ADDFA209F67A300330A9C /* SystemConfiguration.framework in Frameworks */,
				B70ADDFC209F68D800330A9C /* SpotifyAuthentication.framework in Frameworks */,
				B70ADDF8209F679800330A9C /* AVFoundation.framework in Frameworks */,
				BA34BD5F70514BD163F00ABE /* Pods_grouplay.framework in Frameworks */,
				B70ADE04209F846300330A9C /* SpotifyMetadata.framework in Frameworks */,
				B70ADDFE209F68E200330A9C /* SpotifyAudioPlayback.framework in Frameworks */,
			);
			runOnlyForDeploymentPostprocessing = 0;
		};
/* End PBXFrameworksBuildPhase section */

/* Begin PBXGroup section */
		46E7141A8594B9F57AE97EE8 /* Frameworks */ = {
			isa = PBXGroup;
			children = (
				B70ADE03209F846300330A9C /* SpotifyMetadata.framework */,
				B70ADDFD209F68E200330A9C /* SpotifyAudioPlayback.framework */,
				B70ADDFB209F68D800330A9C /* SpotifyAuthentication.framework */,
				B70ADDF9209F67A300330A9C /* SystemConfiguration.framework */,
				B70ADDF7209F679800330A9C /* AVFoundation.framework */,
				72FD43446726ACEEE080A461 /* Pods_grouplay.framework */,
			);
			name = Frameworks;
			sourceTree = "<group>";
		};
		5678AED64896ED9E9C9AA69E /* Pods */ = {
			isa = PBXGroup;
			children = (
				9E5C64E49278591CC76F39DC /* Pods-grouplay.debug.xcconfig */,
				3613F560D06B6708C3EB2DE4 /* Pods-grouplay.release.xcconfig */,
			);
			name = Pods;
			sourceTree = "<group>";
		};
		B70ADE0720A4A15300330A9C /* Main */ = {
			isa = PBXGroup;
			children = (
				B79FA7C21FDAF0E600A00497 /* MainViewController.swift */,
				B70ADE0C20A4A2B700330A9C /* MainViewController+SearchBar.swift */,
				B70ADE0820A4A16900330A9C /* MainViewController+Playback.swift */,
				B70ADE0A20A4A25B00330A9C /* MainViewController+TableView.swift */,
				B7B7E10721F52FA9004926CD /* MainViewController+Scroll.swift */,
				B70ADE0E20A4A30200330A9C /* MainViewController+API.swift */,
				B7B7E10921F558DE004926CD /* MainViewController+UI.swift */,
			);
			path = Main;
			sourceTree = "<group>";
		};
		B747DDEB21344C1D001996D2 /* Firebase */ = {
			isa = PBXGroup;
			children = (
				B769DB6A1FDC68F200DDD4BE /* FirebaseManager.swift */,
				B747DDEC21344C2E001996D2 /* FirebaseManager+Current.swift */,
				B747DDEE21344CA5001996D2 /* FirebaseManager+Queue.swift */,
			);
			path = Firebase;
			sourceTree = "<group>";
		};
		B76C9CDB21EBCF6A0093711C /* Stores */ = {
			isa = PBXGroup;
			children = (
				B70ADE0520A20E0600330A9C /* SessionStore.swift */,
				B76C9CDC21EBCF800093711C /* UserStore.swift */,
			);
			path = Stores;
			sourceTree = "<group>";
		};
		B78A8DDE2017A02D006F936E /* Controllers */ = {
			isa = PBXGroup;
			children = (
				B70ADE0720A4A15300330A9C /* Main */,
				B7BB98F61FD9B0D2007BDB0B /* ViewController.swift */,
				B769DB661FDC67E400DDD4BE /* LaunchViewController.swift */,
				B78A8DE42017E314006F936E /* QueueViewController.swift */,
				B70ADE00209F69BD00330A9C /* BridgeViewController.h */,
				B70ADE01209F69BD00330A9C /* BridgeViewController.m */,
				B70ADDFF209F69BD00330A9C /* grouplay-Bridging-Header.h */,
				B79BD4C82100F47D00BFF90C /* ShowQRViewController.swift */,
				B79BD4CA2100F6E500BFF90C /* ScanQRViewController.swift */,
				B7A3F0C621E6C9C800AA3BA4 /* InfoViewController.swift */,
			);
			path = Controllers;
			sourceTree = "<group>";
		};
		B78A8DDF2017A033006F936E /* Views */ = {
			isa = PBXGroup;
			children = (
				B79FA7C41FDAF15900A00497 /* TrackTableViewCell.swift */,
				B7A3F0C221E6B5E000AA3BA4 /* QueueTableViewCell.swift */,
				B70ADE1320A4EB9C00330A9C /* ArcLayer.swift */,
			);
			path = Views;
			sourceTree = "<group>";
		};
		B78A8DE02017A038006F936E /* Managers */ = {
			isa = PBXGroup;
			children = (
				B747DDEB21344C1D001996D2 /* Firebase */,
				B7BB99091FD9B1C4007BDB0B /* SpotifyManager.swift */,
			);
			path = Managers;
			sourceTree = "<group>";
		};
		B78A8DE12017A044006F936E /* Models */ = {
			isa = PBXGroup;
			children = (
				B7BB990B1FD9B205007BDB0B /* SpotifyTrack.swift */,
				B7A3F0C421E6BF7F00AA3BA4 /* QueuedTrack.swift */,
				B769DB6E1FDC99B300DDD4BE /* Session.swift */,
				B76C9CD721EBC6DA0093711C /* Member.swift */,
				B76C9CD921EBC7460093711C /* MemberSet.swift */,
				B76C9CD521EBC5EA0093711C /* Queue.swift */,
				B7B7E10521F52D8F004926CD /* AlbumArtCache.swift */,
			);
			path = Models;
			sourceTree = "<group>";
		};
		B7BB98E81FD9B0D2007BDB0B = {
			isa = PBXGroup;
			children = (
				B7BB98F31FD9B0D2007BDB0B /* grouplay */,
				B7BB98F21FD9B0D2007BDB0B /* Products */,
				5678AED64896ED9E9C9AA69E /* Pods */,
				46E7141A8594B9F57AE97EE8 /* Frameworks */,
			);
			sourceTree = "<group>";
		};
		B7BB98F21FD9B0D2007BDB0B /* Products */ = {
			isa = PBXGroup;
			children = (
				B7BB98F11FD9B0D2007BDB0B /* grouplay.app */,
			);
			name = Products;
			sourceTree = "<group>";
		};
		B7BB98F31FD9B0D2007BDB0B /* grouplay */ = {
			isa = PBXGroup;
			children = (
				B7BB98F41FD9B0D2007BDB0B /* AppDelegate.swift */,
				B76C9CDB21EBCF6A0093711C /* Stores */,
				B78A8DE12017A044006F936E /* Models */,
				B78A8DE02017A038006F936E /* Managers */,
				B78A8DDF2017A033006F936E /* Views */,
				B78A8DDE2017A02D006F936E /* Controllers */,
				B7BB98F81FD9B0D2007BDB0B /* Main.storyboard */,
				B7BB98FE1FD9B0D2007BDB0B /* Assets.xcassets */,
				B769DB6C1FDC694700DDD4BE /* Utility.swift */,
				B7BB99031FD9B0D2007BDB0B /* Info.plist */,
				B7BB98FB1FD9B0D2007BDB0B /* grouplay.xcdatamodeld */,
				B769DB681FDC687300DDD4BE /* GoogleService-Info.plist */,
				B7BB99001FD9B0D2007BDB0B /* LaunchScreen.storyboard */,
			);
			path = grouplay;
			sourceTree = "<group>";
		};
/* End PBXGroup section */

/* Begin PBXNativeTarget section */
		B7BB98F01FD9B0D2007BDB0B /* grouplay */ = {
			isa = PBXNativeTarget;
			buildConfigurationList = B7BB99061FD9B0D2007BDB0B /* Build configuration list for PBXNativeTarget "grouplay" */;
			buildPhases = (
				0CABA46F17071A438B39863E /* [CP] Check Pods Manifest.lock */,
				B7BB98ED1FD9B0D2007BDB0B /* Sources */,
				B7BB98EE1FD9B0D2007BDB0B /* Frameworks */,
				B7BB98EF1FD9B0D2007BDB0B /* Resources */,
				9FC5FFA3051704966D0B4288 /* [CP] Embed Pods Frameworks */,
			);
			buildRules = (
			);
			dependencies = (
			);
			name = grouplay;
			productName = grouplay;
			productReference = B7BB98F11FD9B0D2007BDB0B /* grouplay.app */;
			productType = "com.apple.product-type.application";
		};
/* End PBXNativeTarget section */

/* Begin PBXProject section */
		B7BB98E91FD9B0D2007BDB0B /* Project object */ = {
			isa = PBXProject;
			attributes = {
				LastSwiftUpdateCheck = 0910;
				LastUpgradeCheck = 0910;
				ORGANIZATIONNAME = "Sam Lerner";
				TargetAttributes = {
					B7BB98F01FD9B0D2007BDB0B = {
						CreatedOnToolsVersion = 9.1;
						LastSwiftMigration = 0920;
						ProvisioningStyle = Automatic;
					};
				};
			};
			buildConfigurationList = B7BB98EC1FD9B0D2007BDB0B /* Build configuration list for PBXProject "grouplay" */;
			compatibilityVersion = "Xcode 8.0";
			developmentRegion = en;
			hasScannedForEncodings = 0;
			knownRegions = (
				en,
				Base,
			);
			mainGroup = B7BB98E81FD9B0D2007BDB0B;
			productRefGroup = B7BB98F21FD9B0D2007BDB0B /* Products */;
			projectDirPath = "";
			projectRoot = "";
			targets = (
				B7BB98F01FD9B0D2007BDB0B /* grouplay */,
			);
		};
/* End PBXProject section */

/* Begin PBXResourcesBuildPhase section */
		B7BB98EF1FD9B0D2007BDB0B /* Resources */ = {
			isa = PBXResourcesBuildPhase;
			buildActionMask = 2147483647;
			files = (
				B7BB99021FD9B0D2007BDB0B /* LaunchScreen.storyboard in Resources */,
				B769DB691FDC687300DDD4BE /* GoogleService-Info.plist in Resources */,
				B7BB98FF1FD9B0D2007BDB0B /* Assets.xcassets in Resources */,
				B7BB98FA1FD9B0D2007BDB0B /* Main.storyboard in Resources */,
			);
			runOnlyForDeploymentPostprocessing = 0;
		};
/* End PBXResourcesBuildPhase section */

/* Begin PBXShellScriptBuildPhase section */
		0CABA46F17071A438B39863E /* [CP] Check Pods Manifest.lock */ = {
			isa = PBXShellScriptBuildPhase;
			buildActionMask = 2147483647;
			files = (
			);
			inputPaths = (
				"${PODS_PODFILE_DIR_PATH}/Podfile.lock",
				"${PODS_ROOT}/Manifest.lock",
			);
			name = "[CP] Check Pods Manifest.lock";
			outputPaths = (
				"$(DERIVED_FILE_DIR)/Pods-grouplay-checkManifestLockResult.txt",
			);
			runOnlyForDeploymentPostprocessing = 0;
			shellPath = /bin/sh;
			shellScript = "diff \"${PODS_PODFILE_DIR_PATH}/Podfile.lock\" \"${PODS_ROOT}/Manifest.lock\" > /dev/null\nif [ $? != 0 ] ; then\n    # print error to STDERR\n    echo \"error: The sandbox is not in sync with the Podfile.lock. Run 'pod install' or update your CocoaPods installation.\" >&2\n    exit 1\nfi\n# This output is used by Xcode 'outputs' to avoid re-running this script phase.\necho \"SUCCESS\" > \"${SCRIPT_OUTPUT_FILE_0}\"\n";
			showEnvVarsInLog = 0;
		};
		9FC5FFA3051704966D0B4288 /* [CP] Embed Pods Frameworks */ = {
			isa = PBXShellScriptBuildPhase;
			buildActionMask = 2147483647;
			files = (
			);
			inputPaths = (
				"${SRCROOT}/Pods/Target Support Files/Pods-grouplay/Pods-grouplay-frameworks.sh",
				"${BUILT_PRODUCTS_DIR}/GoogleUtilities/GoogleUtilities.framework",
				"${BUILT_PRODUCTS_DIR}/KeychainSwift/KeychainSwift.framework",
				"${BUILT_PRODUCTS_DIR}/OAuthSwift/OAuthSwift.framework",
				"${BUILT_PRODUCTS_DIR}/QRCode/QRCode.framework",
				"${BUILT_PRODUCTS_DIR}/leveldb-library/leveldb.framework",
				"${BUILT_PRODUCTS_DIR}/nanopb/nanopb.framework",
			);
			name = "[CP] Embed Pods Frameworks";
			outputPaths = (
				"${TARGET_BUILD_DIR}/${FRAMEWORKS_FOLDER_PATH}/GoogleUtilities.framework",
				"${TARGET_BUILD_DIR}/${FRAMEWORKS_FOLDER_PATH}/KeychainSwift.framework",
				"${TARGET_BUILD_DIR}/${FRAMEWORKS_FOLDER_PATH}/OAuthSwift.framework",
				"${TARGET_BUILD_DIR}/${FRAMEWORKS_FOLDER_PATH}/QRCode.framework",
				"${TARGET_BUILD_DIR}/${FRAMEWORKS_FOLDER_PATH}/leveldb.framework",
				"${TARGET_BUILD_DIR}/${FRAMEWORKS_FOLDER_PATH}/nanopb.framework",
			);
			runOnlyForDeploymentPostprocessing = 0;
			shellPath = /bin/sh;
			shellScript = "\"${SRCROOT}/Pods/Target Support Files/Pods-grouplay/Pods-grouplay-frameworks.sh\"\n";
			showEnvVarsInLog = 0;
		};
/* End PBXShellScriptBuildPhase section */

/* Begin PBXSourcesBuildPhase section */
		B7BB98ED1FD9B0D2007BDB0B /* Sources */ = {
			isa = PBXSourcesBuildPhase;
			buildActionMask = 2147483647;
			files = (
				B7B7E10A21F558DE004926CD /* MainViewController+UI.swift in Sources */,
				B79FA7C31FDAF0E600A00497 /* MainViewController.swift in Sources */,
				B70ADE0F20A4A30200330A9C /* MainViewController+API.swift in Sources */,
				B76C9CD821EBC6DA0093711C /* Member.swift in Sources */,
				B78A8DE52017E314006F936E /* QueueViewController.swift in Sources */,
				B70ADE02209F69BD00330A9C /* BridgeViewController.m in Sources */,
				B747DDED21344C2E001996D2 /* FirebaseManager+Current.swift in Sources */,
				B7B7E10621F52D8F004926CD /* AlbumArtCache.swift in Sources */,
				B7BB990A1FD9B1C4007BDB0B /* SpotifyManager.swift in Sources */,
				B79BD4C92100F47D00BFF90C /* ShowQRViewController.swift in Sources */,
				B769DB6B1FDC68F200DDD4BE /* FirebaseManager.swift in Sources */,
				B769DB6D1FDC694700DDD4BE /* Utility.swift in Sources */,
				B70ADE0920A4A16900330A9C /* MainViewController+Playback.swift in Sources */,
				B747DDEF21344CA5001996D2 /* FirebaseManager+Queue.swift in Sources */,
				B76C9CDA21EBC7460093711C /* MemberSet.swift in Sources */,
				B70ADE0D20A4A2B700330A9C /* MainViewController+SearchBar.swift in Sources */,
				B7BB98F71FD9B0D2007BDB0B /* ViewController.swift in Sources */,
				B7A3F0C721E6C9C800AA3BA4 /* InfoViewController.swift in Sources */,
				B79FA7C51FDAF15900A00497 /* TrackTableViewCell.swift in Sources */,
				B76C9CD621EBC5EA0093711C /* Queue.swift in Sources */,
				B7BB98F51FD9B0D2007BDB0B /* AppDelegate.swift in Sources */,
				B70ADE1420A4EB9C00330A9C /* ArcLayer.swift in Sources */,
				B769DB6F1FDC99B300DDD4BE /* Session.swift in Sources */,
				B70ADE0620A20E0600330A9C /* SessionStore.swift in Sources */,
				B70ADE0B20A4A25B00330A9C /* MainViewController+TableView.swift in Sources */,
				B7B7E10821F52FA9004926CD /* MainViewController+Scroll.swift in Sources */,
				B7BB98FD1FD9B0D2007BDB0B /* grouplay.xcdatamodeld in Sources */,
				B7A3F0C521E6BF7F00AA3BA4 /* QueuedTrack.swift in Sources */,
				B769DB671FDC67E500DDD4BE /* LaunchViewController.swift in Sources */,
				B79BD4CB2100F6E500BFF90C /* ScanQRViewController.swift in Sources */,
				B7BB990C1FD9B205007BDB0B /* SpotifyTrack.swift in Sources */,
				B7A3F0C321E6B5E000AA3BA4 /* QueueTableViewCell.swift in Sources */,
				B76C9CDD21EBCF800093711C /* UserStore.swift in Sources */,
			);
			runOnlyForDeploymentPostprocessing = 0;
		};
/* End PBXSourcesBuildPhase section */

/* Begin PBXVariantGroup section */
		B7BB98F81FD9B0D2007BDB0B /* Main.storyboard */ = {
			isa = PBXVariantGroup;
			children = (
				B7BB98F91FD9B0D2007BDB0B /* Base */,
			);
			name = Main.storyboard;
			sourceTree = "<group>";
		};
		B7BB99001FD9B0D2007BDB0B /* LaunchScreen.storyboard */ = {
			isa = PBXVariantGroup;
			children = (
				B7BB99011FD9B0D2007BDB0B /* Base */,
			);
			name = LaunchScreen.storyboard;
			sourceTree = "<group>";
		};
/* End PBXVariantGroup section */

/* Begin XCBuildConfiguration section */
		B7BB99041FD9B0D2007BDB0B /* Debug */ = {
			isa = XCBuildConfiguration;
			buildSettings = {
				ALWAYS_SEARCH_USER_PATHS = NO;
				CLANG_ANALYZER_NONNULL = YES;
				CLANG_ANALYZER_NUMBER_OBJECT_CONVERSION = YES_AGGRESSIVE;
				CLANG_CXX_LANGUAGE_STANDARD = "gnu++14";
				CLANG_CXX_LIBRARY = "libc++";
				CLANG_ENABLE_MODULES = YES;
				CLANG_ENABLE_OBJC_ARC = YES;
				CLANG_WARN_BLOCK_CAPTURE_AUTORELEASING = YES;
				CLANG_WARN_BOOL_CONVERSION = YES;
				CLANG_WARN_COMMA = YES;
				CLANG_WARN_CONSTANT_CONVERSION = YES;
				CLANG_WARN_DIRECT_OBJC_ISA_USAGE = YES_ERROR;
				CLANG_WARN_DOCUMENTATION_COMMENTS = YES;
				CLANG_WARN_EMPTY_BODY = YES;
				CLANG_WARN_ENUM_CONVERSION = YES;
				CLANG_WARN_INFINITE_RECURSION = YES;
				CLANG_WARN_INT_CONVERSION = YES;
				CLANG_WARN_NON_LITERAL_NULL_CONVERSION = YES;
				CLANG_WARN_OBJC_LITERAL_CONVERSION = YES;
				CLANG_WARN_OBJC_ROOT_CLASS = YES_ERROR;
				CLANG_WARN_RANGE_LOOP_ANALYSIS = YES;
				CLANG_WARN_STRICT_PROTOTYPES = YES;
				CLANG_WARN_SUSPICIOUS_MOVE = YES;
				CLANG_WARN_UNGUARDED_AVAILABILITY = YES_AGGRESSIVE;
				CLANG_WARN_UNREACHABLE_CODE = YES;
				CLANG_WARN__DUPLICATE_METHOD_MATCH = YES;
				CODE_SIGN_IDENTITY = "iPhone Developer";
				COPY_PHASE_STRIP = NO;
				DEBUG_INFORMATION_FORMAT = dwarf;
				ENABLE_STRICT_OBJC_MSGSEND = YES;
				ENABLE_TESTABILITY = YES;
				GCC_C_LANGUAGE_STANDARD = gnu11;
				GCC_DYNAMIC_NO_PIC = NO;
				GCC_NO_COMMON_BLOCKS = YES;
				GCC_OPTIMIZATION_LEVEL = 0;
				GCC_PREPROCESSOR_DEFINITIONS = (
					"DEBUG=1",
					"$(inherited)",
				);
				GCC_WARN_64_TO_32_BIT_CONVERSION = YES;
				GCC_WARN_ABOUT_RETURN_TYPE = YES_ERROR;
				GCC_WARN_UNDECLARED_SELECTOR = YES;
				GCC_WARN_UNINITIALIZED_AUTOS = YES_AGGRESSIVE;
				GCC_WARN_UNUSED_FUNCTION = YES;
				GCC_WARN_UNUSED_VARIABLE = YES;
				IPHONEOS_DEPLOYMENT_TARGET = 11.1;
				MTL_ENABLE_DEBUG_INFO = YES;
				ONLY_ACTIVE_ARCH = YES;
				SDKROOT = iphoneos;
				SWIFT_ACTIVE_COMPILATION_CONDITIONS = DEBUG;
				SWIFT_OPTIMIZATION_LEVEL = "-Onone";
			};
			name = Debug;
		};
		B7BB99051FD9B0D2007BDB0B /* Release */ = {
			isa = XCBuildConfiguration;
			buildSettings = {
				ALWAYS_SEARCH_USER_PATHS = NO;
				CLANG_ANALYZER_NONNULL = YES;
				CLANG_ANALYZER_NUMBER_OBJECT_CONVERSION = YES_AGGRESSIVE;
				CLANG_CXX_LANGUAGE_STANDARD = "gnu++14";
				CLANG_CXX_LIBRARY = "libc++";
				CLANG_ENABLE_MODULES = YES;
				CLANG_ENABLE_OBJC_ARC = YES;
				CLANG_WARN_BLOCK_CAPTURE_AUTORELEASING = YES;
				CLANG_WARN_BOOL_CONVERSION = YES;
				CLANG_WARN_COMMA = YES;
				CLANG_WARN_CONSTANT_CONVERSION = YES;
				CLANG_WARN_DIRECT_OBJC_ISA_USAGE = YES_ERROR;
				CLANG_WARN_DOCUMENTATION_COMMENTS = YES;
				CLANG_WARN_EMPTY_BODY = YES;
				CLANG_WARN_ENUM_CONVERSION = YES;
				CLANG_WARN_INFINITE_RECURSION = YES;
				CLANG_WARN_INT_CONVERSION = YES;
				CLANG_WARN_NON_LITERAL_NULL_CONVERSION = YES;
				CLANG_WARN_OBJC_LITERAL_CONVERSION = YES;
				CLANG_WARN_OBJC_ROOT_CLASS = YES_ERROR;
				CLANG_WARN_RANGE_LOOP_ANALYSIS = YES;
				CLANG_WARN_STRICT_PROTOTYPES = YES;
				CLANG_WARN_SUSPICIOUS_MOVE = YES;
				CLANG_WARN_UNGUARDED_AVAILABILITY = YES_AGGRESSIVE;
				CLANG_WARN_UNREACHABLE_CODE = YES;
				CLANG_WARN__DUPLICATE_METHOD_MATCH = YES;
				CODE_SIGN_IDENTITY = "iPhone Developer";
				COPY_PHASE_STRIP = NO;
				DEBUG_INFORMATION_FORMAT = "dwarf-with-dsym";
				ENABLE_NS_ASSERTIONS = NO;
				ENABLE_STRICT_OBJC_MSGSEND = YES;
				GCC_C_LANGUAGE_STANDARD = gnu11;
				GCC_NO_COMMON_BLOCKS = YES;
				GCC_WARN_64_TO_32_BIT_CONVERSION = YES;
				GCC_WARN_ABOUT_RETURN_TYPE = YES_ERROR;
				GCC_WARN_UNDECLARED_SELECTOR = YES;
				GCC_WARN_UNINITIALIZED_AUTOS = YES_AGGRESSIVE;
				GCC_WARN_UNUSED_FUNCTION = YES;
				GCC_WARN_UNUSED_VARIABLE = YES;
				IPHONEOS_DEPLOYMENT_TARGET = 11.1;
				MTL_ENABLE_DEBUG_INFO = NO;
				SDKROOT = iphoneos;
				SWIFT_OPTIMIZATION_LEVEL = "-Owholemodule";
				VALIDATE_PRODUCT = YES;
			};
			name = Release;
		};
		B7BB99071FD9B0D2007BDB0B /* Debug */ = {
			isa = XCBuildConfiguration;
			baseConfigurationReference = 9E5C64E49278591CC76F39DC /* Pods-grouplay.debug.xcconfig */;
			buildSettings = {
				ASSETCATALOG_COMPILER_APPICON_NAME = "AppIcon-1";
				CLANG_ENABLE_MODULES = YES;
				CODE_SIGN_STYLE = Automatic;
				DEVELOPMENT_TEAM = 5HEWYRTN5L;
				FRAMEWORK_SEARCH_PATHS = (
					"$(inherited)",
					"$(PROJECT_DIR)",
				);
				INFOPLIST_FILE = grouplay/Info.plist;
				IPHONEOS_DEPLOYMENT_TARGET = 10.1;
				LD_RUNPATH_SEARCH_PATHS = "$(inherited) @executable_path/Frameworks";
				PRODUCT_BUNDLE_IDENTIFIER = com.SLernerApps.GrouPlay;
				PRODUCT_NAME = "$(TARGET_NAME)";
				SWIFT_OBJC_BRIDGING_HEADER = "grouplay/Controllers/grouplay-Bridging-Header.h";
				SWIFT_OPTIMIZATION_LEVEL = "-Onone";
				SWIFT_VERSION = 4.0;
				TARGETED_DEVICE_FAMILY = "1,2";
			};
			name = Debug;
		};
		B7BB99081FD9B0D2007BDB0B /* Release */ = {
			isa = XCBuildConfiguration;
			baseConfigurationReference = 3613F560D06B6708C3EB2DE4 /* Pods-grouplay.release.xcconfig */;
			buildSettings = {
				ASSETCATALOG_COMPILER_APPICON_NAME = "AppIcon-1";
				CLANG_ENABLE_MODULES = YES;
				CODE_SIGN_STYLE = Automatic;
				DEVELOPMENT_TEAM = 5HEWYRTN5L;
				FRAMEWORK_SEARCH_PATHS = (
					"$(inherited)",
					"$(PROJECT_DIR)",
				);
				INFOPLIST_FILE = grouplay/Info.plist;
				IPHONEOS_DEPLOYMENT_TARGET = 10.1;
				LD_RUNPATH_SEARCH_PATHS = "$(inherited) @executable_path/Frameworks";
				PRODUCT_BUNDLE_IDENTIFIER = com.SLernerApps.GrouPlay;
				PRODUCT_NAME = "$(TARGET_NAME)";
				SWIFT_OBJC_BRIDGING_HEADER = "grouplay/Controllers/grouplay-Bridging-Header.h";
				SWIFT_VERSION = 4.0;
				TARGETED_DEVICE_FAMILY = "1,2";
			};
			name = Release;
		};
/* End XCBuildConfiguration section */

/* Begin XCConfigurationList section */
		B7BB98EC1FD9B0D2007BDB0B /* Build configuration list for PBXProject "grouplay" */ = {
			isa = XCConfigurationList;
			buildConfigurations = (
				B7BB99041FD9B0D2007BDB0B /* Debug */,
				B7BB99051FD9B0D2007BDB0B /* Release */,
			);
			defaultConfigurationIsVisible = 0;
			defaultConfigurationName = Release;
		};
		B7BB99061FD9B0D2007BDB0B /* Build configuration list for PBXNativeTarget "grouplay" */ = {
			isa = XCConfigurationList;
			buildConfigurations = (
				B7BB99071FD9B0D2007BDB0B /* Debug */,
				B7BB99081FD9B0D2007BDB0B /* Release */,
			);
			defaultConfigurationIsVisible = 0;
			defaultConfigurationName = Release;
		};
/* End XCConfigurationList section */

/* Begin XCVersionGroup section */
		B7BB98FB1FD9B0D2007BDB0B /* grouplay.xcdatamodeld */ = {
			isa = XCVersionGroup;
			children = (
				B7BB98FC1FD9B0D2007BDB0B /* grouplay.xcdatamodel */,
			);
			currentVersion = B7BB98FC1FD9B0D2007BDB0B /* grouplay.xcdatamodel */;
			path = grouplay.xcdatamodeld;
			sourceTree = "<group>";
			versionGroupType = wrapper.xcdatamodel;
		};
/* End XCVersionGroup section */
	};
	rootObject = B7BB98E91FD9B0D2007BDB0B /* Project object */;
}
